{
  "name": "lit-element",
  "version": "1.0.0",
  "lockfileVersion": 1,
  "requires": true,
  "dependencies": {
    "@microsoft/fast-element": {
      "version": "file:../../../../fast-dna/packages/web-components/fast-element/microsoft-fast-element-0.6.0.tgz",
      "integrity": "sha512-biXb6Z7UBwNEq6KLV/L3QOswii+TNIml0O2AD6sgUiGwpFIr5LZ1mfIi89DJ6kcSyNIefQRBsA1RmThpvOUPJQ=="
    },
    "typescript": {
      "version": "3.7.5",
      "resolved": "https://registry.npmjs.org/typescript/-/typescript-3.7.5.tgz",
      "integrity": "sha512-/P5lkRXkWHNAbcJIiHPfRoKqyd7bsyCma1hZNUGfn20qm64T6ZBlrzprymeu918H+mB/0rIg2gGK/BXkhhYgBw=="
    }
  }
}
