{
  "name": "lit-element",
  "version": "1.0.0",
  "lockfileVersion": 1,
  "requires": true,
  "dependencies": {
    "@microsoft/fast-element": {
      "version": "file:../../../fast-dna/packages/web-components/fast-element/microsoft-fast-element-0.7.0.tgz",
      "integrity": "sha512-ahDzAdfT+3EQ1Db71PAW4OCA4X5RpJ7WdC44E5ZcSPyJelg63J1WnyIf03GA3A3wBkYLxTv36F/rfHjv+AKonw=="
    },
    "typescript": {
      "version": "3.7.5",
      "resolved": "https://registry.npmjs.org/typescript/-/typescript-3.7.5.tgz",
      "integrity": "sha512-/P5lkRXkWHNAbcJIiHPfRoKqyd7bsyCma1hZNUGfn20qm64T6ZBlrzprymeu918H+mB/0rIg2gGK/BXkhhYgBw=="
    }
  }
}
